// !$*UTF8*$!
{
	archiveVersion = 1;
	classes = {
	};
	objectVersion = 50;
	objects = {

/* Begin PBXBuildFile section */
		67FCC3742140AC2A0025C80E /* AppDelegate.swift in Sources */ = {isa = PBXBuildFile; fileRef = 67FCC3732140AC2A0025C80E /* AppDelegate.swift */; };
		67FCC3762140AC2A0025C80E /* ViewController.swift in Sources */ = {isa = PBXBuildFile; fileRef = 67FCC3752140AC2A0025C80E /* ViewController.swift */; };
		67FCC3792140AC2A0025C80E /* Main.storyboard in Resources */ = {isa = PBXBuildFile; fileRef = 67FCC3772140AC2A0025C80E /* Main.storyboard */; };
		67FCC37B2140AC2C0025C80E /* Assets.xcassets in Resources */ = {isa = PBXBuildFile; fileRef = 67FCC37A2140AC2C0025C80E /* Assets.xcassets */; };
		67FCC37E2140AC2C0025C80E /* LaunchScreen.storyboard in Resources */ = {isa = PBXBuildFile; fileRef = 67FCC37C2140AC2C0025C80E /* LaunchScreen.storyboard */; };
		67FCC3892140AC2C0025C80E /* IssuesTrackerTests.swift in Sources */ = {isa = PBXBuildFile; fileRef = 67FCC3882140AC2C0025C80E /* IssuesTrackerTests.swift */; };
		6FBB99447E4147C6087C40B5 /* Pods_IssuesTracker.framework in Frameworks */ = {isa = PBXBuildFile; fileRef = A16C7CBC6DDC0B31F02DC83B /* Pods_IssuesTracker.framework */; };
		A4048BB3C528D571A92BDADB /* Pods_IssuesTrackerTests.framework in Frameworks */ = {isa = PBXBuildFile; fileRef = DDFE7A070E997DB030CAE105 /* Pods_IssuesTrackerTests.framework */; };
/* End PBXBuildFile section */

/* Begin PBXContainerItemProxy section */
		67FCC3852140AC2C0025C80E /* PBXContainerItemProxy */ = {
			isa = PBXContainerItemProxy;
			containerPortal = 67FCC3682140AC2A0025C80E /* Project object */;
			proxyType = 1;
			remoteGlobalIDString = 67FCC36F2140AC2A0025C80E;
			remoteInfo = IssuesTracker;
		};
/* End PBXContainerItemProxy section */

/* Begin PBXFileReference section */
		026261506962FE87585A2CA7 /* Pods-IssuesTracker.debug.xcconfig */ = {isa = PBXFileReference; includeInIndex = 1; lastKnownFileType = text.xcconfig; name = "Pods-IssuesTracker.debug.xcconfig"; path = "Pods/Target Support Files/Pods-IssuesTracker/Pods-IssuesTracker.debug.xcconfig"; sourceTree = "<group>"; };
		40367A60108C5C2050DCF10B /* Pods-IssuesTracker.release.xcconfig */ = {isa = PBXFileReference; includeInIndex = 1; lastKnownFileType = text.xcconfig; name = "Pods-IssuesTracker.release.xcconfig"; path = "Pods/Target Support Files/Pods-IssuesTracker/Pods-IssuesTracker.release.xcconfig"; sourceTree = "<group>"; };
		4DC4AD786E567A93B482ED98 /* Pods-IssuesTrackerTests.release.xcconfig */ = {isa = PBXFileReference; includeInIndex = 1; lastKnownFileType = text.xcconfig; name = "Pods-IssuesTrackerTests.release.xcconfig"; path = "Pods/Target Support Files/Pods-IssuesTrackerTests/Pods-IssuesTrackerTests.release.xcconfig"; sourceTree = "<group>"; };
		67FCC3702140AC2A0025C80E /* IssuesTracker.app */ = {isa = PBXFileReference; explicitFileType = wrapper.application; includeInIndex = 0; path = IssuesTracker.app; sourceTree = BUILT_PRODUCTS_DIR; };
		67FCC3732140AC2A0025C80E /* AppDelegate.swift */ = {isa = PBXFileReference; lastKnownFileType = sourcecode.swift; path = AppDelegate.swift; sourceTree = "<group>"; };
		67FCC3752140AC2A0025C80E /* ViewController.swift */ = {isa = PBXFileReference; lastKnownFileType = sourcecode.swift; path = ViewController.swift; sourceTree = "<group>"; };
		67FCC3782140AC2A0025C80E /* Base */ = {isa = PBXFileReference; lastKnownFileType = file.storyboard; name = Base; path = Base.lproj/Main.storyboard; sourceTree = "<group>"; };
		67FCC37A2140AC2C0025C80E /* Assets.xcassets */ = {isa = PBXFileReference; lastKnownFileType = folder.assetcatalog; path = Assets.xcassets; sourceTree = "<group>"; };
		67FCC37D2140AC2C0025C80E /* Base */ = {isa = PBXFileReference; lastKnownFileType = file.storyboard; name = Base; path = Base.lproj/LaunchScreen.storyboard; sourceTree = "<group>"; };
		67FCC37F2140AC2C0025C80E /* Info.plist */ = {isa = PBXFileReference; lastKnownFileType = text.plist.xml; path = Info.plist; sourceTree = "<group>"; };
		67FCC3842140AC2C0025C80E /* IssuesTrackerTests.xctest */ = {isa = PBXFileReference; explicitFileType = wrapper.cfbundle; includeInIndex = 0; path = IssuesTrackerTests.xctest; sourceTree = BUILT_PRODUCTS_DIR; };
		67FCC3882140AC2C0025C80E /* IssuesTrackerTests.swift */ = {isa = PBXFileReference; lastKnownFileType = sourcecode.swift; path = IssuesTrackerTests.swift; sourceTree = "<group>"; };
		67FCC38A2140AC2C0025C80E /* Info.plist */ = {isa = PBXFileReference; lastKnownFileType = text.plist.xml; path = Info.plist; sourceTree = "<group>"; };
		A16C7CBC6DDC0B31F02DC83B /* Pods_IssuesTracker.framework */ = {isa = PBXFileReference; explicitFileType = wrapper.framework; includeInIndex = 0; path = Pods_IssuesTracker.framework; sourceTree = BUILT_PRODUCTS_DIR; };
		D7CA2CBCF0AB389C2F93BD32 /* Pods-IssuesTrackerTests.debug.xcconfig */ = {isa = PBXFileReference; includeInIndex = 1; lastKnownFileType = text.xcconfig; name = "Pods-IssuesTrackerTests.debug.xcconfig"; path = "Pods/Target Support Files/Pods-IssuesTrackerTests/Pods-IssuesTrackerTests.debug.xcconfig"; sourceTree = "<group>"; };
		DDFE7A070E997DB030CAE105 /* Pods_IssuesTrackerTests.framework */ = {isa = PBXFileReference; explicitFileType = wrapper.framework; includeInIndex = 0; path = Pods_IssuesTrackerTests.framework; sourceTree = BUILT_PRODUCTS_DIR; };
/* End PBXFileReference section */

/* Begin PBXFrameworksBuildPhase section */
		67FCC36D2140AC2A0025C80E /* Frameworks */ = {
			isa = PBXFrameworksBuildPhase;
			buildActionMask = 2147483647;
			files = (
				6FBB99447E4147C6087C40B5 /* Pods_IssuesTracker.framework in Frameworks */,
			);
			runOnlyForDeploymentPostprocessing = 0;
		};
		67FCC3812140AC2C0025C80E /* Frameworks */ = {
			isa = PBXFrameworksBuildPhase;
			buildActionMask = 2147483647;
			files = (
				A4048BB3C528D571A92BDADB /* Pods_IssuesTrackerTests.framework in Frameworks */,
			);
			runOnlyForDeploymentPostprocessing = 0;
		};
/* End PBXFrameworksBuildPhase section */

/* Begin PBXGroup section */
		2C212D7E2690D3DCFDDD621D /* Pods */ = {
			isa = PBXGroup;
			children = (
				026261506962FE87585A2CA7 /* Pods-IssuesTracker.debug.xcconfig */,
				40367A60108C5C2050DCF10B /* Pods-IssuesTracker.release.xcconfig */,
				D7CA2CBCF0AB389C2F93BD32 /* Pods-IssuesTrackerTests.debug.xcconfig */,
				4DC4AD786E567A93B482ED98 /* Pods-IssuesTrackerTests.release.xcconfig */,
			);
			name = Pods;
			sourceTree = "<group>";
		};
		67FCC3672140AC2A0025C80E = {
			isa = PBXGroup;
			children = (
				67FCC3722140AC2A0025C80E /* IssuesTracker */,
				67FCC3872140AC2C0025C80E /* IssuesTrackerTests */,
				67FCC3712140AC2A0025C80E /* Products */,
				2C212D7E2690D3DCFDDD621D /* Pods */,
				C73936F7A8FB118E40DED89A /* Frameworks */,
			);
			sourceTree = "<group>";
		};
		67FCC3712140AC2A0025C80E /* Products */ = {
			isa = PBXGroup;
			children = (
				67FCC3702140AC2A0025C80E /* IssuesTracker.app */,
				67FCC3842140AC2C0025C80E /* IssuesTrackerTests.xctest */,
			);
			name = Products;
			sourceTree = "<group>";
		};
		67FCC3722140AC2A0025C80E /* IssuesTracker */ = {
			isa = PBXGroup;
			children = (
				67FCC3732140AC2A0025C80E /* AppDelegate.swift */,
				67FCC3752140AC2A0025C80E /* ViewController.swift */,
				67FCC3772140AC2A0025C80E /* Main.storyboard */,
				67FCC37A2140AC2C0025C80E /* Assets.xcassets */,
				67FCC37C2140AC2C0025C80E /* LaunchScreen.storyboard */,
				67FCC37F2140AC2C0025C80E /* Info.plist */,
			);
			path = IssuesTracker;
			sourceTree = "<group>";
		};
		67FCC3872140AC2C0025C80E /* IssuesTrackerTests */ = {
			isa = PBXGroup;
			children = (
				67FCC3882140AC2C0025C80E /* IssuesTrackerTests.swift */,
				67FCC38A2140AC2C0025C80E /* Info.plist */,
			);
			path = IssuesTrackerTests;
			sourceTree = "<group>";
		};
		C73936F7A8FB118E40DED89A /* Frameworks */ = {
			isa = PBXGroup;
			children = (
				A16C7CBC6DDC0B31F02DC83B /* Pods_IssuesTracker.framework */,
				DDFE7A070E997DB030CAE105 /* Pods_IssuesTrackerTests.framework */,
			);
			name = Frameworks;
			sourceTree = "<group>";
		};
/* End PBXGroup section */

/* Begin PBXNativeTarget section */
		67FCC36F2140AC2A0025C80E /* IssuesTracker */ = {
			isa = PBXNativeTarget;
			buildConfigurationList = 67FCC38D2140AC2C0025C80E /* Build configuration list for PBXNativeTarget "IssuesTracker" */;
			buildPhases = (
				D7D0272CF3A9223D9A0E54B7 /* [CP] Check Pods Manifest.lock */,
				67FCC36C2140AC2A0025C80E /* Sources */,
				67FCC36D2140AC2A0025C80E /* Frameworks */,
				67FCC36E2140AC2A0025C80E /* Resources */,
				B5EC254B6F35C4945312D844 /* [CP] Embed Pods Frameworks */,
			);
			buildRules = (
			);
			dependencies = (
			);
			name = IssuesTracker;
			productName = IssuesTracker;
			productReference = 67FCC3702140AC2A0025C80E /* IssuesTracker.app */;
			productType = "com.apple.product-type.application";
		};
		67FCC3832140AC2C0025C80E /* IssuesTrackerTests */ = {
			isa = PBXNativeTarget;
			buildConfigurationList = 67FCC3902140AC2C0025C80E /* Build configuration list for PBXNativeTarget "IssuesTrackerTests" */;
			buildPhases = (
				833710C8501D4066FDC210C8 /* [CP] Check Pods Manifest.lock */,
				67FCC3802140AC2C0025C80E /* Sources */,
				67FCC3812140AC2C0025C80E /* Frameworks */,
				67FCC3822140AC2C0025C80E /* Resources */,
				D7C0D63BBC5E8B5CC04B6F09 /* [CP] Embed Pods Frameworks */,
			);
			buildRules = (
			);
			dependencies = (
				67FCC3862140AC2C0025C80E /* PBXTargetDependency */,
			);
			name = IssuesTrackerTests;
			productName = IssuesTrackerTests;
			productReference = 67FCC3842140AC2C0025C80E /* IssuesTrackerTests.xctest */;
			productType = "com.apple.product-type.bundle.unit-test";
		};
/* End PBXNativeTarget section */

/* Begin PBXProject section */
		67FCC3682140AC2A0025C80E /* Project object */ = {
			isa = PBXProject;
			attributes = {
				LastSwiftUpdateCheck = 1000;
				LastUpgradeCheck = 1000;
				ORGANIZATIONNAME = KyushuCoder;
				TargetAttributes = {
					67FCC36F2140AC2A0025C80E = {
						CreatedOnToolsVersion = 10.0;
					};
					67FCC3832140AC2C0025C80E = {
						CreatedOnToolsVersion = 10.0;
						TestTargetID = 67FCC36F2140AC2A0025C80E;
					};
				};
			};
			buildConfigurationList = 67FCC36B2140AC2A0025C80E /* Build configuration list for PBXProject "IssuesTracker" */;
			compatibilityVersion = "Xcode 9.3";
			developmentRegion = en;
			hasScannedForEncodings = 0;
			knownRegions = (
				en,
				Base,
			);
			mainGroup = 67FCC3672140AC2A0025C80E;
			productRefGroup = 67FCC3712140AC2A0025C80E /* Products */;
			projectDirPath = "";
			projectRoot = "";
			targets = (
				67FCC36F2140AC2A0025C80E /* IssuesTracker */,
				67FCC3832140AC2C0025C80E /* IssuesTrackerTests */,
			);
		};
/* End PBXProject section */

/* Begin PBXResourcesBuildPhase section */
		67FCC36E2140AC2A0025C80E /* Resources */ = {
			isa = PBXResourcesBuildPhase;
			buildActionMask = 2147483647;
			files = (
				67FCC37E2140AC2C0025C80E /* LaunchScreen.storyboard in Resources */,
				67FCC37B2140AC2C0025C80E /* Assets.xcassets in Resources */,
				67FCC3792140AC2A0025C80E /* Main.storyboard in Resources */,
			);
			runOnlyForDeploymentPostprocessing = 0;
		};
		67FCC3822140AC2C0025C80E /* Resources */ = {
			isa = PBXResourcesBuildPhase;
			buildActionMask = 2147483647;
			files = (
			);
			runOnlyForDeploymentPostprocessing = 0;
		};
/* End PBXResourcesBuildPhase section */

/* Begin PBXShellScriptBuildPhase section */
		833710C8501D4066FDC210C8 /* [CP] Check Pods Manifest.lock */ = {
			isa = PBXShellScriptBuildPhase;
			buildActionMask = 2147483647;
			files = (
			);
			inputPaths = (
				"${PODS_PODFILE_DIR_PATH}/Podfile.lock",
				"${PODS_ROOT}/Manifest.lock",
			);
			name = "[CP] Check Pods Manifest.lock";
			outputPaths = (
				"$(DERIVED_FILE_DIR)/Pods-IssuesTrackerTests-checkManifestLockResult.txt",
			);
			runOnlyForDeploymentPostprocessing = 0;
			shellPath = /bin/sh;
			shellScript = "diff \"${PODS_PODFILE_DIR_PATH}/Podfile.lock\" \"${PODS_ROOT}/Manifest.lock\" > /dev/null\nif [ $? != 0 ] ; then\n    # print error to STDERR\n    echo \"error: The sandbox is not in sync with the Podfile.lock. Run 'pod install' or update your CocoaPods installation.\" >&2\n    exit 1\nfi\n# This output is used by Xcode 'outputs' to avoid re-running this script phase.\necho \"SUCCESS\" > \"${SCRIPT_OUTPUT_FILE_0}\"\n";
			showEnvVarsInLog = 0;
		};
		B5EC254B6F35C4945312D844 /* [CP] Embed Pods Frameworks */ = {
			isa = PBXShellScriptBuildPhase;
			buildActionMask = 2147483647;
			files = (
			);
			inputPaths = (
				"${SRCROOT}/Pods/Target Support Files/Pods-IssuesTracker/Pods-IssuesTracker-frameworks.sh",
				"${BUILT_PRODUCTS_DIR}/RxCocoa/RxCocoa.framework",
				"${BUILT_PRODUCTS_DIR}/RxSwift/RxSwift.framework",
			);
			name = "[CP] Embed Pods Frameworks";
			outputPaths = (
				"${TARGET_BUILD_DIR}/${FRAMEWORKS_FOLDER_PATH}/RxCocoa.framework",
				"${TARGET_BUILD_DIR}/${FRAMEWORKS_FOLDER_PATH}/RxSwift.framework",
			);
			runOnlyForDeploymentPostprocessing = 0;
			shellPath = /bin/sh;
			shellScript = "\"${SRCROOT}/Pods/Target Support Files/Pods-IssuesTracker/Pods-IssuesTracker-frameworks.sh\"\n";
			showEnvVarsInLog = 0;
		};
		D7C0D63BBC5E8B5CC04B6F09 /* [CP] Embed Pods Frameworks */ = {
			isa = PBXShellScriptBuildPhase;
			buildActionMask = 2147483647;
			files = (
			);
			inputPaths = (
				"${SRCROOT}/Pods/Target Support Files/Pods-IssuesTrackerTests/Pods-IssuesTrackerTests-frameworks.sh",
				"${BUILT_PRODUCTS_DIR}/RxSwift/RxSwift.framework",
				"${BUILT_PRODUCTS_DIR}/RxBlocking/RxBlocking.framework",
				"${BUILT_PRODUCTS_DIR}/RxTest/RxTest.framework",
			);
			name = "[CP] Embed Pods Frameworks";
			outputPaths = (
				"${TARGET_BUILD_DIR}/${FRAMEWORKS_FOLDER_PATH}/RxSwift.framework",
				"${TARGET_BUILD_DIR}/${FRAMEWORKS_FOLDER_PATH}/RxBlocking.framework",
				"${TARGET_BUILD_DIR}/${FRAMEWORKS_FOLDER_PATH}/RxTest.framework",
			);
			runOnlyForDeploymentPostprocessing = 0;
			shellPath = /bin/sh;
			shellScript = "\"${SRCROOT}/Pods/Target Support Files/Pods-IssuesTrackerTests/Pods-IssuesTrackerTests-frameworks.sh\"\n";
			showEnvVarsInLog = 0;
		};
		D7D0272CF3A9223D9A0E54B7 /* [CP] Check Pods Manifest.lock */ = {
			isa = PBXShellScriptBuildPhase;
			buildActionMask = 2147483647;
			files = (
			);
			inputPaths = (
				"${PODS_PODFILE_DIR_PATH}/Podfile.lock",
				"${PODS_ROOT}/Manifest.lock",
			);
			name = "[CP] Check Pods Manifest.lock";
			outputPaths = (
				"$(DERIVED_FILE_DIR)/Pods-IssuesTracker-checkManifestLockResult.txt",
			);
			runOnlyForDeploymentPostprocessing = 0;
			shellPath = /bin/sh;
			shellScript = "diff \"${PODS_PODFILE_DIR_PATH}/Podfile.lock\" \"${PODS_ROOT}/Manifest.lock\" > /dev/null\nif [ $? != 0 ] ; then\n    # print error to STDERR\n    echo \"error: The sandbox is not in sync with the Podfile.lock. Run 'pod install' or update your CocoaPods installation.\" >&2\n    exit 1\nfi\n# This output is used by Xcode 'outputs' to avoid re-running this script phase.\necho \"SUCCESS\" > \"${SCRIPT_OUTPUT_FILE_0}\"\n";
			showEnvVarsInLog = 0;
		};
/* End PBXShellScriptBuildPhase section */

/* Begin PBXSourcesBuildPhase section */
		67FCC36C2140AC2A0025C80E /* Sources */ = {
			isa = PBXSourcesBuildPhase;
			buildActionMask = 2147483647;
			files = (
				67FCC3762140AC2A0025C80E /* ViewController.swift in Sources */,
				67FCC3742140AC2A0025C80E /* AppDelegate.swift in Sources */,
			);
			runOnlyForDeploymentPostprocessing = 0;
		};
		67FCC3802140AC2C0025C80E /* Sources */ = {
			isa = PBXSourcesBuildPhase;
			buildActionMask = 2147483647;
			files = (
				67FCC3892140AC2C0025C80E /* IssuesTrackerTests.swift in Sources */,
			);
			runOnlyForDeploymentPostprocessing = 0;
		};
/* End PBXSourcesBuildPhase section */

/* Begin PBXTargetDependency section */
		67FCC3862140AC2C0025C80E /* PBXTargetDependency */ = {
			isa = PBXTargetDependency;
			target = 67FCC36F2140AC2A0025C80E /* IssuesTracker */;
			targetProxy = 67FCC3852140AC2C0025C80E /* PBXContainerItemProxy */;
		};
/* End PBXTargetDependency section */

/* Begin PBXVariantGroup section */
		67FCC3772140AC2A0025C80E /* Main.storyboard */ = {
			isa = PBXVariantGroup;
			children = (
				67FCC3782140AC2A0025C80E /* Base */,
			);
			name = Main.storyboard;
			sourceTree = "<group>";
		};
		67FCC37C2140AC2C0025C80E /* LaunchScreen.storyboard */ = {
			isa = PBXVariantGroup;
			children = (
				67FCC37D2140AC2C0025C80E /* Base */,
			);
			name = LaunchScreen.storyboard;
			sourceTree = "<group>";
		};
/* End PBXVariantGroup section */

/* Begin XCBuildConfiguration section */
		67FCC38B2140AC2C0025C80E /* Debug */ = {
			isa = XCBuildConfiguration;
			buildSettings = {
				ALWAYS_SEARCH_USER_PATHS = NO;
				CLANG_ANALYZER_NONNULL = YES;
				CLANG_ANALYZER_NUMBER_OBJECT_CONVERSION = YES_AGGRESSIVE;
				CLANG_CXX_LANGUAGE_STANDARD = "gnu++14";
				CLANG_CXX_LIBRARY = "libc++";
				CLANG_ENABLE_MODULES = YES;
				CLANG_ENABLE_OBJC_ARC = YES;
				CLANG_ENABLE_OBJC_WEAK = YES;
				CLANG_WARN_BLOCK_CAPTURE_AUTORELEASING = YES;
				CLANG_WARN_BOOL_CONVERSION = YES;
				CLANG_WARN_COMMA = YES;
				CLANG_WARN_CONSTANT_CONVERSION = YES;
				CLANG_WARN_DEPRECATED_OBJC_IMPLEMENTATIONS = YES;
				CLANG_WARN_DIRECT_OBJC_ISA_USAGE = YES_ERROR;
				CLANG_WARN_DOCUMENTATION_COMMENTS = YES;
				CLANG_WARN_EMPTY_BODY = YES;
				CLANG_WARN_ENUM_CONVERSION = YES;
				CLANG_WARN_INFINITE_RECURSION = YES;
				CLANG_WARN_INT_CONVERSION = YES;
				CLANG_WARN_NON_LITERAL_NULL_CONVERSION = YES;
				CLANG_WARN_OBJC_IMPLICIT_RETAIN_SELF = YES;
				CLANG_WARN_OBJC_LITERAL_CONVERSION = YES;
				CLANG_WARN_OBJC_ROOT_CLASS = YES_ERROR;
				CLANG_WARN_RANGE_LOOP_ANALYSIS = YES;
				CLANG_WARN_STRICT_PROTOTYPES = YES;
				CLANG_WARN_SUSPICIOUS_MOVE = YES;
				CLANG_WARN_UNGUARDED_AVAILABILITY = YES_AGGRESSIVE;
				CLANG_WARN_UNREACHABLE_CODE = YES;
				CLANG_WARN__DUPLICATE_METHOD_MATCH = YES;
				CODE_SIGN_IDENTITY = "iPhone Developer";
				COPY_PHASE_STRIP = NO;
				DEBUG_INFORMATION_FORMAT = dwarf;
				ENABLE_STRICT_OBJC_MSGSEND = YES;
				ENABLE_TESTABILITY = YES;
				GCC_C_LANGUAGE_STANDARD = gnu11;
				GCC_DYNAMIC_NO_PIC = NO;
				GCC_NO_COMMON_BLOCKS = YES;
				GCC_OPTIMIZATION_LEVEL = 0;
				GCC_PREPROCESSOR_DEFINITIONS = (
					"DEBUG=1",
					"$(inherited)",
				);
				GCC_WARN_64_TO_32_BIT_CONVERSION = YES;
				GCC_WARN_ABOUT_RETURN_TYPE = YES_ERROR;
				GCC_WARN_UNDECLARED_SELECTOR = YES;
				GCC_WARN_UNINITIALIZED_AUTOS = YES_AGGRESSIVE;
				GCC_WARN_UNUSED_FUNCTION = YES;
				GCC_WARN_UNUSED_VARIABLE = YES;
				IPHONEOS_DEPLOYMENT_TARGET = 12.0;
				MTL_ENABLE_DEBUG_INFO = INCLUDE_SOURCE;
				MTL_FAST_MATH = YES;
				ONLY_ACTIVE_ARCH = YES;
				SDKROOT = iphoneos;
				SWIFT_ACTIVE_COMPILATION_CONDITIONS = DEBUG;
				SWIFT_OPTIMIZATION_LEVEL = "-Onone";
			};
			name = Debug;
		};
		67FCC38C2140AC2C0025C80E /* Release */ = {
			isa = XCBuildConfiguration;
			buildSettings = {
				ALWAYS_SEARCH_USER_PATHS = NO;
				CLANG_ANALYZER_NONNULL = YES;
				CLANG_ANALYZER_NUMBER_OBJECT_CONVERSION = YES_AGGRESSIVE;
				CLANG_CXX_LANGUAGE_STANDARD = "gnu++14";
				CLANG_CXX_LIBRARY = "libc++";
				CLANG_ENABLE_MODULES = YES;
				CLANG_ENABLE_OBJC_ARC = YES;
				CLANG_ENABLE_OBJC_WEAK = YES;
				CLANG_WARN_BLOCK_CAPTURE_AUTORELEASING = YES;
				CLANG_WARN_BOOL_CONVERSION = YES;
				CLANG_WARN_COMMA = YES;
				CLANG_WARN_CONSTANT_CONVERSION = YES;
				CLANG_WARN_DEPRECATED_OBJC_IMPLEMENTATIONS = YES;
				CLANG_WARN_DIRECT_OBJC_ISA_USAGE = YES_ERROR;
				CLANG_WARN_DOCUMENTATION_COMMENTS = YES;
				CLANG_WARN_EMPTY_BODY = YES;
				CLANG_WARN_ENUM_CONVERSION = YES;
				CLANG_WARN_INFINITE_RECURSION = YES;
				CLANG_WARN_INT_CONVERSION = YES;
				CLANG_WARN_NON_LITERAL_NULL_CONVERSION = YES;
				CLANG_WARN_OBJC_IMPLICIT_RETAIN_SELF = YES;
				CLANG_WARN_OBJC_LITERAL_CONVERSION = YES;
				CLANG_WARN_OBJC_ROOT_CLASS = YES_ERROR;
				CLANG_WARN_RANGE_LOOP_ANALYSIS = YES;
				CLANG_WARN_STRICT_PROTOTYPES = YES;
				CLANG_WARN_SUSPICIOUS_MOVE = YES;
				CLANG_WARN_UNGUARDED_AVAILABILITY = YES_AGGRESSIVE;
				CLANG_WARN_UNREACHABLE_CODE = YES;
				CLANG_WARN__DUPLICATE_METHOD_MATCH = YES;
				CODE_SIGN_IDENTITY = "iPhone Developer";
				COPY_PHASE_STRIP = NO;
				DEBUG_INFORMATION_FORMAT = "dwarf-with-dsym";
				ENABLE_NS_ASSERTIONS = NO;
				ENABLE_STRICT_OBJC_MSGSEND = YES;
				GCC_C_LANGUAGE_STANDARD = gnu11;
				GCC_NO_COMMON_BLOCKS = YES;
				GCC_WARN_64_TO_32_BIT_CONVERSION = YES;
				GCC_WARN_ABOUT_RETURN_TYPE = YES_ERROR;
				GCC_WARN_UNDECLARED_SELECTOR = YES;
				GCC_WARN_UNINITIALIZED_AUTOS = YES_AGGRESSIVE;
				GCC_WARN_UNUSED_FUNCTION = YES;
				GCC_WARN_UNUSED_VARIABLE = YES;
				IPHONEOS_DEPLOYMENT_TARGET = 12.0;
				MTL_ENABLE_DEBUG_INFO = NO;
				MTL_FAST_MATH = YES;
				SDKROOT = iphoneos;
				SWIFT_COMPILATION_MODE = wholemodule;
				SWIFT_OPTIMIZATION_LEVEL = "-O";
				VALIDATE_PRODUCT = YES;
			};
			name = Release;
		};
		67FCC38E2140AC2C0025C80E /* Debug */ = {
			isa = XCBuildConfiguration;
			baseConfigurationReference = 026261506962FE87585A2CA7 /* Pods-IssuesTracker.debug.xcconfig */;
			buildSettings = {
				ASSETCATALOG_COMPILER_APPICON_NAME = AppIcon;
				CODE_SIGN_STYLE = Automatic;
				DEVELOPMENT_TEAM = CB28PQN3PW;
				INFOPLIST_FILE = IssuesTracker/Info.plist;
				LD_RUNPATH_SEARCH_PATHS = (
					"$(inherited)",
					"@executable_path/Frameworks",
				);
				PRODUCT_BUNDLE_IDENTIFIER = com.kyushucoder.IssuesTracker;
				PRODUCT_NAME = "$(TARGET_NAME)";
				SWIFT_VERSION = 4.2;
				TARGETED_DEVICE_FAMILY = "1,2";
			};
			name = Debug;
		};
		67FCC38F2140AC2C0025C80E /* Release */ = {
			isa = XCBuildConfiguration;
			baseConfigurationReference = 40367A60108C5C2050DCF10B /* Pods-IssuesTracker.release.xcconfig */;
			buildSettings = {
				ASSETCATALOG_COMPILER_APPICON_NAME = AppIcon;
				CODE_SIGN_STYLE = Automatic;
				DEVELOPMENT_TEAM = CB28PQN3PW;
				INFOPLIST_FILE = IssuesTracker/Info.plist;
				LD_RUNPATH_SEARCH_PATHS = (
					"$(inherited)",
					"@executable_path/Frameworks",
				);
				PRODUCT_BUNDLE_IDENTIFIER = com.kyushucoder.IssuesTracker;
				PRODUCT_NAME = "$(TARGET_NAME)";
				SWIFT_VERSION = 4.2;
				TARGETED_DEVICE_FAMILY = "1,2";
			};
			name = Release;
		};
		67FCC3912140AC2C0025C80E /* Debug */ = {
			isa = XCBuildConfiguration;
			baseConfigurationReference = D7CA2CBCF0AB389C2F93BD32 /* Pods-IssuesTrackerTests.debug.xcconfig */;
			buildSettings = {
				ALWAYS_EMBED_SWIFT_STANDARD_LIBRARIES = YES;
				BUNDLE_LOADER = "$(TEST_HOST)";
				CODE_SIGN_STYLE = Automatic;
				DEVELOPMENT_TEAM = CB28PQN3PW;
				INFOPLIST_FILE = IssuesTrackerTests/Info.plist;
				LD_RUNPATH_SEARCH_PATHS = (
					"$(inherited)",
					"@executable_path/Frameworks",
					"@loader_path/Frameworks",
				);
				PRODUCT_BUNDLE_IDENTIFIER = com.kyushucoder.IssuesTrackerTests;
				PRODUCT_NAME = "$(TARGET_NAME)";
				SWIFT_VERSION = 4.2;
				TARGETED_DEVICE_FAMILY = "1,2";
				TEST_HOST = "$(BUILT_PRODUCTS_DIR)/IssuesTracker.app/IssuesTracker";
			};
			name = Debug;
		};
		67FCC3922140AC2C0025C80E /* Release */ = {
			isa = XCBuildConfiguration;
			baseConfigurationReference = 4DC4AD786E567A93B482ED98 /* Pods-IssuesTrackerTests.release.xcconfig */;
			buildSettings = {
				ALWAYS_EMBED_SWIFT_STANDARD_LIBRARIES = YES;
				BUNDLE_LOADER = "$(TEST_HOST)";
				CODE_SIGN_STYLE = Automatic;
				DEVELOPMENT_TEAM = CB28PQN3PW;
				INFOPLIST_FILE = IssuesTrackerTests/Info.plist;
				LD_RUNPATH_SEARCH_PATHS = (
					"$(inherited)",
					"@executable_path/Frameworks",
					"@loader_path/Frameworks",
				);
				PRODUCT_BUNDLE_IDENTIFIER = com.kyushucoder.IssuesTrackerTests;
				PRODUCT_NAME = "$(TARGET_NAME)";
				SWIFT_VERSION = 4.2;
				TARGETED_DEVICE_FAMILY = "1,2";
				TEST_HOST = "$(BUILT_PRODUCTS_DIR)/IssuesTracker.app/IssuesTracker";
			};
			name = Release;
		};
/* End XCBuildConfiguration section */

/* Begin XCConfigurationList section */
		67FCC36B2140AC2A0025C80E /* Build configuration list for PBXProject "IssuesTracker" */ = {
			isa = XCConfigurationList;
			buildConfigurations = (
				67FCC38B2140AC2C0025C80E /* Debug */,
				67FCC38C2140AC2C0025C80E /* Release */,
			);
			defaultConfigurationIsVisible = 0;
			defaultConfigurationName = Release;
		};
		67FCC38D2140AC2C0025C80E /* Build configuration list for PBXNativeTarget "IssuesTracker" */ = {
			isa = XCConfigurationList;
			buildConfigurations = (
				67FCC38E2140AC2C0025C80E /* Debug */,
				67FCC38F2140AC2C0025C80E /* Release */,
			);
			defaultConfigurationIsVisible = 0;
			defaultConfigurationName = Release;
		};
		67FCC3902140AC2C0025C80E /* Build configuration list for PBXNativeTarget "IssuesTrackerTests" */ = {
			isa = XCConfigurationList;
			buildConfigurations = (
				67FCC3912140AC2C0025C80E /* Debug */,
				67FCC3922140AC2C0025C80E /* Release */,
			);
			defaultConfigurationIsVisible = 0;
			defaultConfigurationName = Release;
		};
/* End XCConfigurationList section */
	};
	rootObject = 67FCC3682140AC2A0025C80E /* Project object */;
}
